
Microsoft Visual Studio Solution File, Format Version 12.00
# Visual Studio Version 17
VisualStudioVersion = 17.5.002.0
MinimumVisualStudioVersion = 10.0.40219.1
Project("{2150E333-8FDC-42A3-9474-1A3956D46DE8}") = "api", "api", "{F8FC6DD1-5287-48C5-B09D-F814BD7B1823}"
EndProject
Project("{9A19103F-16F7-4668-BE54-9A1E7A4F7556}") = "webapi", "api\webapi\webapi.csproj", "{62212193-1410-4F01-8CC3-EA2B97B64E54}"
EndProject
Global
	GlobalSection(SolutionConfigurationPlatforms) = preSolution
		Debug|Any CPU = Debug|Any CPU
		Release|Any CPU = Release|Any CPU
	EndGlobalSection
	GlobalSection(ProjectConfigurationPlatforms) = postSolution
		{62212193-1410-4F01-8CC3-EA2B97B64E54}.Debug|Any CPU.ActiveCfg = Debug|Any CPU
		{62212193-1410-4F01-8CC3-EA2B97B64E54}.Debug|Any CPU.Build.0 = Debug|Any CPU
		{62212193-1410-4F01-8CC3-EA2B97B64E54}.Release|Any CPU.ActiveCfg = Release|Any CPU
		{62212193-1410-4F01-8CC3-EA2B97B64E54}.Release|Any CPU.Build.0 = Release|Any CPU
	EndGlobalSection
	GlobalSection(SolutionProperties) = preSolution
		HideSolutionNode = FALSE
	EndGlobalSection
	GlobalSection(NestedProjects) = preSolution
		{62212193-1410-4F01-8CC3-EA2B97B64E54} = {F8FC6DD1-5287-48C5-B09D-F814BD7B1823}
	EndGlobalSection
	GlobalSection(ExtensibilityGlobals) = postSolution
		SolutionGuid = {55A66B3C-56BA-438E-A9BF-CDAAA3335DAA}
	EndGlobalSection
EndGlobal
